{
  "name": "example-service2",
  "requires": true,
  "lockfileVersion": 1,
  "dependencies": {
    "micro-js": {
      "version": "0.0.3",
      "resolved": "https://registry.npmjs.org/micro-js/-/micro-js-0.0.3.tgz",
      "integrity": "sha512-NMoVb6F/iJ9kl/aabt+hU183L7Ip6f924oo886JDVS84ttzHfsHDqwZ/YDbZtZ/ThUSCoBkYvSF1iGAQSOd2jg=="
    }
  }
}
