{
  "name": "services",
  "lockfileVersion": 3,
  "requires": true,
  "packages": {
    "": {
      "dependencies": {
        "micro-js": "file:../../.."
      }
    },
    "../../..": {
      "version": "0.1.0",
      "license": "MIT",
      "engines": {
        "node": ">=20.0.0"
      }
    },
    "node_modules/micro-js": {
      "resolved": "../../..",
      "link": true
    }
  }
}
